
Microsoft Visual Studio Solution File, Format Version 12.00
# Visual Studio 14
VisualStudioVersion = 14.0.25420.1
MinimumVisualStudioVersion = 10.0.40219.1
Project("{8BC9CEB8-8B4A-11D0-8D11-00A0C91BC942}") = "cps_exe_2_2_d_check", "cps_exe_2_2_d_check\cps_exe_2_2_d_check.vcxproj", "{EE8B4359-BEC6-4AB3-9017-1705C1E860EC}"
EndProject
Global
	GlobalSection(SolutionConfigurationPlatforms) = preSolution
		Debug|x64 = Debug|x64
		Debug|x86 = Debug|x86
		Release|x64 = Release|x64
		Release|x86 = Release|x86
	EndGlobalSection
	GlobalSection(ProjectConfigurationPlatforms) = postSolution
		{EE8B4359-BEC6-4AB3-9017-1705C1E860EC}.Debug|x64.ActiveCfg = Debug|x64
		{EE8B4359-BEC6-4AB3-9017-1705C1E860EC}.Debug|x64.Build.0 = Debug|x64
		{EE8B4359-BEC6-4AB3-9017-1705C1E860EC}.Debug|x86.ActiveCfg = Debug|Win32
		{EE8B4359-BEC6-4AB3-9017-1705C1E860EC}.Debug|x86.Build.0 = Debug|Win32
		{EE8B4359-BEC6-4AB3-9017-1705C1E860EC}.Release|x64.ActiveCfg = Release|x64
		{EE8B4359-BEC6-4AB3-9017-1705C1E860EC}.Release|x64.Build.0 = Release|x64
		{EE8B4359-BEC6-4AB3-9017-1705C1E860EC}.Release|x86.ActiveCfg = Release|Win32
		{EE8B4359-BEC6-4AB3-9017-1705C1E860EC}.Release|x86.Build.0 = Release|Win32
	EndGlobalSection
	GlobalSection(SolutionProperties) = preSolution
		HideSolutionNode = FALSE
	EndGlobalSection
EndGlobal
